# THIS IS AN AUTOGENERATED FILE. DO NOT EDIT THIS FILE DIRECTLY.
# yarn lockfile v1


react-daisyui@^5.0.0:
  version "5.0.0"
  resolved "https://registry.yarnpkg.com/react-daisyui/-/react-daisyui-5.0.0.tgz#9ce2fe8dd540f6b12650fc0d2e7953c1026789b3"
  integrity sha512-j1cugAxALmIbihycGBh7P9H3UXrfsvqu84qM6O55l7nOKST43IjUkZjmNav/7s0ZaUpa9Y+52mFchUb2zvon1A==
